{
  "nodes": {
    "nixpkgs": {
      "locked": {
        "lastModified": 315532800,
        "narHash": "sha256-LDT9wuUZtjPfmviCcVWif5+7j4kBI2mWaZwjNNeg4eg=",
        "rev": "a7fc11be66bdfb5cdde611ee5ce381c183da8386",
        "type": "tarball",
        "url": "https://releases.nixos.org/nixpkgs/nixpkgs-25.11pre887438.a7fc11be66bd/nixexprs.tar.xz?rev=a7fc11be66bdfb5cdde611ee5ce381c183da8386"
      },
      "original": {
        "type": "tarball",
        "url": "https://channels.nixos.org/nixpkgs-unstable/nixexprs.tar.xz"
      }
    },
    "root": {
      "inputs": {
        "nixpkgs": "nixpkgs"
      }
    }
  },
  "root": "root",
  "version": 7
}
