{
  "nodes": {
    "nixpkgs": {
      "locked": {
        "lastModified": 1770015011,
        "narHash": "sha256-SYiwVUy/8bjZRMQtf760lbpATzVJDsl/6ffk0VLj03I=",
        "rev": "f08e6b11a5ed43637a8ac444dd44118bc7d273b9",
        "type": "tarball",
        "url": "https://releases.nixos.org/nixpkgs/nixpkgs-26.05pre938800.f08e6b11a5ed/nixexprs.tar.xz?lastModified=1770015011&rev=f08e6b11a5ed43637a8ac444dd44118bc7d273b9"
      },
      "original": {
        "type": "tarball",
        "url": "https://channels.nixos.org/nixpkgs-unstable/nixexprs.tar.xz"
      }
    },
    "root": {
      "inputs": {
        "nixpkgs": "nixpkgs"
      }
    }
  },
  "root": "root",
  "version": 7
}
