{
  "nodes": {
    "nixpkgs": {
      "locked": {
        "lastModified": 1769421245,
        "narHash": "sha256-Ic7cEaobTdrHBj/rPRtLdBCTVHZQpHhdmjG3wwq1raQ=",
        "rev": "5b265bda51b42a2a85af0a543c3e57b778b01b7d",
        "type": "tarball",
        "url": "https://releases.nixos.org/nixpkgs/nixpkgs-26.05pre934894.5b265bda51b4/nixexprs.tar.xz?lastModified=1769421245&rev=5b265bda51b42a2a85af0a543c3e57b778b01b7d"
      },
      "original": {
        "type": "tarball",
        "url": "https://channels.nixos.org/nixpkgs-unstable/nixexprs.tar.xz"
      }
    },
    "root": {
      "inputs": {
        "nixpkgs": "nixpkgs"
      }
    }
  },
  "root": "root",
  "version": 7
}
